{
  "version": "4",
  "specifiers": {
    "jsr:@std/assert@1": "1.0.12",
    "jsr:@std/internal@^1.0.6": "1.0.6",
    "npm:graphql-request@*": "7.1.2_graphql@16.10.0",
    "npm:graphql-request@^7.1.2": "7.1.2_graphql@16.10.0",
    "npm:graphql-tag@^2.12.6": "2.12.6_graphql@16.10.0",
    "npm:graphql@^16.10.0": "16.10.0",
    "npm:urql@^4.2.2": "4.2.2_@urql+core@5.1.1__graphql@16.10.0_react@19.1.0_graphql@16.10.0"
  },
  "jsr": {
    "@std/assert@1.0.12": {
      "integrity": "08009f0926dda9cbd8bef3a35d3b6a4b964b0ab5c3e140a4e0351fbf34af5b9a",
      "dependencies": [
        "jsr:@std/internal"
      ]
    },
    "@std/internal@1.0.6": {
      "integrity": "9533b128f230f73bd209408bb07a4b12f8d4255ab2a4d22a1fd6d87304aca9a4"
    }
  },
  "npm": {
    "@0no-co/graphql.web@1.1.2_graphql@16.10.0": {
      "integrity": "sha512-N2NGsU5FLBhT8NZ+3l2YrzZSHITjNXNuDhC4iDiikv0IujaJ0Xc6xIxQZ/Ek3Cb+rgPjnLHYyJm11tInuJn+cw==",
      "dependencies": [
        "graphql"
      ]
    },
    "@graphql-typed-document-node/core@3.2.0_graphql@16.10.0": {
      "integrity": "sha512-mB9oAsNCm9aM3/SOv4YtBMqZbYj10R7dkq8byBqxGY/ncFwhf2oQzMV+LCRlWoDSEBJ3COiR1yeDvMtsoOsuFQ==",
      "dependencies": [
        "graphql"
      ]
    },
    "@urql/core@5.1.1_graphql@16.10.0": {
      "integrity": "sha512-aGh024z5v2oINGD/In6rAtVKTm4VmQ2TxKQBAtk2ZSME5dunZFcjltw4p5ENQg+5CBhZ3FHMzl0Oa+rwqiWqlg==",
      "dependencies": [
        "@0no-co/graphql.web",
        "wonka"
      ]
    },
    "graphql-request@7.1.2_graphql@16.10.0": {
      "integrity": "sha512-+XE3iuC55C2di5ZUrB4pjgwe+nIQBuXVIK9J98wrVwojzDW3GMdSBZfxUk8l4j9TieIpjpggclxhNEU9ebGF8w==",
      "dependencies": [
        "@graphql-typed-document-node/core",
        "graphql"
      ]
    },
    "graphql-tag@2.12.6_graphql@16.10.0": {
      "integrity": "sha512-FdSNcu2QQcWnM2VNvSCCDCVS5PpPqpzgFT8+GXzqJuoDd0CBncxCY278u4mhRO7tMgo2JjgJA5aZ+nWSQ/Z+xg==",
      "dependencies": [
        "graphql",
        "tslib"
      ]
    },
    "graphql@16.10.0": {
      "integrity": "sha512-AjqGKbDGUFRKIRCP9tCKiIGHyriz2oHEbPIbEtcSLSs4YjReZOIPQQWek4+6hjw62H9QShXHyaGivGiYVLeYFQ=="
    },
    "react@19.1.0": {
      "integrity": "sha512-FS+XFBNvn3GTAWq26joslQgWNoFu08F4kl0J4CgdNKADkdSGXQyTCnKteIAJy96Br6YbpEU1LSzV5dYtjMkMDg=="
    },
    "tslib@2.8.1": {
      "integrity": "sha512-oJFu94HQb+KVduSUQL7wnpmqnfmLsOA/nAh6b6EH0wCEoK0/mPeXU6c3wKDV83MkOuHPRHtSXKKU99IBazS/2w=="
    },
    "urql@4.2.2_@urql+core@5.1.1__graphql@16.10.0_react@19.1.0_graphql@16.10.0": {
      "integrity": "sha512-3GgqNa6iF7bC4hY/ImJKN4REQILcSU9VKcKL8gfELZM8mM5BnLH1BsCc8kBdnVGD1LIFOs4W3O2idNHhON1r0w==",
      "dependencies": [
        "@urql/core",
        "react",
        "wonka"
      ]
    },
    "wonka@6.3.5": {
      "integrity": "sha512-SSil+ecw6B4/Dm7Pf2sAshKQ5hWFvfyGlfPbEd6A14dOH6VDjrmbY86u6nZvy9omGwwIPFR8V41+of1EezgoUw=="
    }
  },
  "workspace": {
    "dependencies": [
      "jsr:@std/assert@1",
      "npm:graphql-request@^7.1.2",
      "npm:graphql-tag@^2.12.6",
      "npm:graphql@^16.10.0",
      "npm:urql@^4.2.2"
    ]
  }
}
